
Microsoft Visual Studio Solution File, Format Version 12.00
# Visual Studio 14
VisualStudioVersion = 14.0.25420.1
MinimumVisualStudioVersion = 10.0.40219.1
Project("{FAE04EC0-301F-11D3-BF4B-00C04F79EFBC}") = "FlightSimulatorReactionTester.UI", "FlightSimulatorReactionTester.UI\FlightSimulatorReactionTester.UI.csproj", "{8505879D-7599-4DEF-B1C1-75F164A6986D}"
EndProject
Project("{FAE04EC0-301F-11D3-BF4B-00C04F79EFBC}") = "FlightSimulatorReactionTester.Common", "FlightSimulatorReactionTester.Common\FlightSimulatorReactionTester.Common.csproj", "{66D94106-E1E7-4003-BE7A-B847AF2FED86}"
EndProject
Project("{FAE04EC0-301F-11D3-BF4B-00C04F79EFBC}") = "FlightSimulatorReactionTester.FutureEventSetEditor", "FlightSimulatorReactionTester.FutureEventSetEditor\FlightSimulatorReactionTester.FutureEventSetEditor.csproj", "{8A4CA0A0-2B59-4F88-B57D-563665C5522D}"
EndProject
Global
	GlobalSection(SolutionConfigurationPlatforms) = preSolution
		Debug|Any CPU = Debug|Any CPU
		Release|Any CPU = Release|Any CPU
	EndGlobalSection
	GlobalSection(ProjectConfigurationPlatforms) = postSolution
		{8505879D-7599-4DEF-B1C1-75F164A6986D}.Debug|Any CPU.ActiveCfg = Debug|Any CPU
		{8505879D-7599-4DEF-B1C1-75F164A6986D}.Debug|Any CPU.Build.0 = Debug|Any CPU
		{8505879D-7599-4DEF-B1C1-75F164A6986D}.Release|Any CPU.ActiveCfg = Release|Any CPU
		{8505879D-7599-4DEF-B1C1-75F164A6986D}.Release|Any CPU.Build.0 = Release|Any CPU
		{66D94106-E1E7-4003-BE7A-B847AF2FED86}.Debug|Any CPU.ActiveCfg = Debug|Any CPU
		{66D94106-E1E7-4003-BE7A-B847AF2FED86}.Debug|Any CPU.Build.0 = Debug|Any CPU
		{66D94106-E1E7-4003-BE7A-B847AF2FED86}.Release|Any CPU.ActiveCfg = Release|Any CPU
		{66D94106-E1E7-4003-BE7A-B847AF2FED86}.Release|Any CPU.Build.0 = Release|Any CPU
		{8A4CA0A0-2B59-4F88-B57D-563665C5522D}.Debug|Any CPU.ActiveCfg = Debug|Any CPU
		{8A4CA0A0-2B59-4F88-B57D-563665C5522D}.Debug|Any CPU.Build.0 = Debug|Any CPU
		{8A4CA0A0-2B59-4F88-B57D-563665C5522D}.Release|Any CPU.ActiveCfg = Release|Any CPU
		{8A4CA0A0-2B59-4F88-B57D-563665C5522D}.Release|Any CPU.Build.0 = Release|Any CPU
	EndGlobalSection
	GlobalSection(SolutionProperties) = preSolution
		HideSolutionNode = FALSE
	EndGlobalSection
EndGlobal
